
Microsoft Visual Studio Solution File, Format Version 12.00
# Visual Studio Version 16
VisualStudioVersion = 16.0.30523.141
MinimumVisualStudioVersion = 10.0.40219.1
Project("{FAE04EC0-301F-11D3-BF4B-00C04F79EFBC}") = "TaxaJurosWebAPI", "TaxaJurosWebAPI\TaxaJurosWebAPI.csproj", "{96245D21-AAF5-426B-A366-9A7F22EC2C75}"
EndProject
Project("{FAE04EC0-301F-11D3-BF4B-00C04F79EFBC}") = "TaxaJurosWebApiTest", "TaxaJurosWebApiTest\TaxaJurosWebApiTest.csproj", "{F78B892D-5A92-4286-8377-5E912D852D92}"
EndProject
Project("{FAE04EC0-301F-11D3-BF4B-00C04F79EFBC}") = "CalculaJurosWebAPI", "CalculaJurosWebAPI\CalculaJurosWebAPI.csproj", "{F210D0F5-FC3E-4325-A482-6FCF152650D5}"
EndProject
Global
	GlobalSection(SolutionConfigurationPlatforms) = preSolution
		Debug|Any CPU = Debug|Any CPU
		Release|Any CPU = Release|Any CPU
	EndGlobalSection
	GlobalSection(ProjectConfigurationPlatforms) = postSolution
		{96245D21-AAF5-426B-A366-9A7F22EC2C75}.Debug|Any CPU.ActiveCfg = Debug|Any CPU
		{96245D21-AAF5-426B-A366-9A7F22EC2C75}.Debug|Any CPU.Build.0 = Debug|Any CPU
		{96245D21-AAF5-426B-A366-9A7F22EC2C75}.Release|Any CPU.ActiveCfg = Release|Any CPU
		{96245D21-AAF5-426B-A366-9A7F22EC2C75}.Release|Any CPU.Build.0 = Release|Any CPU
		{F78B892D-5A92-4286-8377-5E912D852D92}.Debug|Any CPU.ActiveCfg = Debug|Any CPU
		{F78B892D-5A92-4286-8377-5E912D852D92}.Debug|Any CPU.Build.0 = Debug|Any CPU
		{F78B892D-5A92-4286-8377-5E912D852D92}.Release|Any CPU.ActiveCfg = Release|Any CPU
		{F78B892D-5A92-4286-8377-5E912D852D92}.Release|Any CPU.Build.0 = Release|Any CPU
		{F210D0F5-FC3E-4325-A482-6FCF152650D5}.Debug|Any CPU.ActiveCfg = Debug|Any CPU
		{F210D0F5-FC3E-4325-A482-6FCF152650D5}.Debug|Any CPU.Build.0 = Debug|Any CPU
		{F210D0F5-FC3E-4325-A482-6FCF152650D5}.Release|Any CPU.ActiveCfg = Release|Any CPU
		{F210D0F5-FC3E-4325-A482-6FCF152650D5}.Release|Any CPU.Build.0 = Release|Any CPU
	EndGlobalSection
	GlobalSection(SolutionProperties) = preSolution
		HideSolutionNode = FALSE
	EndGlobalSection
	GlobalSection(ExtensibilityGlobals) = postSolution
		SolutionGuid = {7D186E6B-E2BA-49E6-B251-6E679B4D63FD}
	EndGlobalSection
EndGlobal
